
Microsoft Visual Studio Solution File, Format Version 12.00
# Visual Studio 15
VisualStudioVersion = 15.0.28307.645
MinimumVisualStudioVersion = 10.0.40219.1
Project("{FAE04EC0-301F-11D3-BF4B-00C04F79EFBC}") = "Fetcher", "Fetcher\Fetcher.csproj", "{4F0C9D3D-7DE5-4943-A99C-D57C6B710AC5}"
EndProject
Global
	GlobalSection(SolutionConfigurationPlatforms) = preSolution
		Debug|Any CPU = Debug|Any CPU
		Release|Any CPU = Release|Any CPU
	EndGlobalSection
	GlobalSection(ProjectConfigurationPlatforms) = postSolution
		{4F0C9D3D-7DE5-4943-A99C-D57C6B710AC5}.Debug|Any CPU.ActiveCfg = Debug|Any CPU
		{4F0C9D3D-7DE5-4943-A99C-D57C6B710AC5}.Debug|Any CPU.Build.0 = Debug|Any CPU
		{4F0C9D3D-7DE5-4943-A99C-D57C6B710AC5}.Release|Any CPU.ActiveCfg = Release|Any CPU
		{4F0C9D3D-7DE5-4943-A99C-D57C6B710AC5}.Release|Any CPU.Build.0 = Release|Any CPU
	EndGlobalSection
	GlobalSection(SolutionProperties) = preSolution
		HideSolutionNode = FALSE
	EndGlobalSection
	GlobalSection(ExtensibilityGlobals) = postSolution
		SolutionGuid = {BBD40241-693D-4AB0-A9C3-A89D60850B40}
	EndGlobalSection
EndGlobal
